
Microsoft Visual Studio Solution File, Format Version 12.00
# Visual Studio Version 17
VisualStudioVersion = 17.6.33801.468
MinimumVisualStudioVersion = 10.0.40219.1
Project("{FAE04EC0-301F-11D3-BF4B-00C04F79EFBC}") = "CheatMenu", "CheatMenu\CheatMenu.csproj", "{D8911136-8B9F-46C0-BBD9-F39DF2C9AFF6}"
EndProject
Global
	GlobalSection(SolutionConfigurationPlatforms) = preSolution
		Debug|Any CPU = Debug|Any CPU
		Release|Any CPU = Release|Any CPU
	EndGlobalSection
	GlobalSection(ProjectConfigurationPlatforms) = postSolution
		{D8911136-8B9F-46C0-BBD9-F39DF2C9AFF6}.Debug|Any CPU.ActiveCfg = Debug|Any CPU
		{D8911136-8B9F-46C0-BBD9-F39DF2C9AFF6}.Debug|Any CPU.Build.0 = Debug|Any CPU
		{D8911136-8B9F-46C0-BBD9-F39DF2C9AFF6}.Release|Any CPU.ActiveCfg = Release|Any CPU
		{D8911136-8B9F-46C0-BBD9-F39DF2C9AFF6}.Release|Any CPU.Build.0 = Release|Any CPU
	EndGlobalSection
	GlobalSection(SolutionProperties) = preSolution
		HideSolutionNode = FALSE
	EndGlobalSection
	GlobalSection(ExtensibilityGlobals) = postSolution
		SolutionGuid = {1149A562-C3B2-49C8-8F91-EAEB29BB07D4}
	EndGlobalSection
EndGlobal
